
Microsoft Visual Studio Solution File, Format Version 12.00
# Visual Studio Version 17
VisualStudioVersion = 17.5.33424.131
MinimumVisualStudioVersion = 10.0.40219.1
Project("{FAE04EC0-301F-11D3-BF4B-00C04F79EFBC}") = "TP3 - Grupo11", "TP3 - Grupo11\TP3 - Grupo11.csproj", "{35EED3A1-8997-4410-8DE0-57E3EC4F59D0}"
EndProject
Project("{FAE04EC0-301F-11D3-BF4B-00C04F79EFBC}") = "AccesoDatos", "AccesoDatos\AccesoDatos.csproj", "{2F8A97CA-64E2-412E-BB60-576DFAAFD935}"
EndProject
Project("{FAE04EC0-301F-11D3-BF4B-00C04F79EFBC}") = "Business", "Business\Business.csproj", "{69E4AE48-45C0-4A26-BA8B-B59E728C3CD8}"
EndProject
Project("{FAE04EC0-301F-11D3-BF4B-00C04F79EFBC}") = "Dominio", "Dominio\Dominio.csproj", "{4C5C458D-5582-4885-A9F8-111F4E26F023}"
EndProject
Global
	GlobalSection(SolutionConfigurationPlatforms) = preSolution
		Debug|Any CPU = Debug|Any CPU
		Release|Any CPU = Release|Any CPU
	EndGlobalSection
	GlobalSection(ProjectConfigurationPlatforms) = postSolution
		{35EED3A1-8997-4410-8DE0-57E3EC4F59D0}.Debug|Any CPU.ActiveCfg = Debug|Any CPU
		{35EED3A1-8997-4410-8DE0-57E3EC4F59D0}.Debug|Any CPU.Build.0 = Debug|Any CPU
		{35EED3A1-8997-4410-8DE0-57E3EC4F59D0}.Release|Any CPU.ActiveCfg = Release|Any CPU
		{35EED3A1-8997-4410-8DE0-57E3EC4F59D0}.Release|Any CPU.Build.0 = Release|Any CPU
		{2F8A97CA-64E2-412E-BB60-576DFAAFD935}.Debug|Any CPU.ActiveCfg = Debug|Any CPU
		{2F8A97CA-64E2-412E-BB60-576DFAAFD935}.Debug|Any CPU.Build.0 = Debug|Any CPU
		{2F8A97CA-64E2-412E-BB60-576DFAAFD935}.Release|Any CPU.ActiveCfg = Release|Any CPU
		{2F8A97CA-64E2-412E-BB60-576DFAAFD935}.Release|Any CPU.Build.0 = Release|Any CPU
		{69E4AE48-45C0-4A26-BA8B-B59E728C3CD8}.Debug|Any CPU.ActiveCfg = Debug|Any CPU
		{69E4AE48-45C0-4A26-BA8B-B59E728C3CD8}.Debug|Any CPU.Build.0 = Debug|Any CPU
		{69E4AE48-45C0-4A26-BA8B-B59E728C3CD8}.Release|Any CPU.ActiveCfg = Release|Any CPU
		{69E4AE48-45C0-4A26-BA8B-B59E728C3CD8}.Release|Any CPU.Build.0 = Release|Any CPU
		{4C5C458D-5582-4885-A9F8-111F4E26F023}.Debug|Any CPU.ActiveCfg = Debug|Any CPU
		{4C5C458D-5582-4885-A9F8-111F4E26F023}.Debug|Any CPU.Build.0 = Debug|Any CPU
		{4C5C458D-5582-4885-A9F8-111F4E26F023}.Release|Any CPU.ActiveCfg = Release|Any CPU
		{4C5C458D-5582-4885-A9F8-111F4E26F023}.Release|Any CPU.Build.0 = Release|Any CPU
	EndGlobalSection
	GlobalSection(SolutionProperties) = preSolution
		HideSolutionNode = FALSE
	EndGlobalSection
	GlobalSection(ExtensibilityGlobals) = postSolution
		SolutionGuid = {BB52929D-C191-4CDE-97F7-8E9257877A7E}
	EndGlobalSection
EndGlobal
